
Microsoft Visual Studio Solution File, Format Version 12.00
# Visual Studio Version 17
VisualStudioVersion = 17.5.33516.290
MinimumVisualStudioVersion = 10.0.40219.1
Project("{8BC9CEB8-8B4A-11D0-8D11-00A0C91BC942}") = "videoFeed", "videoFeed\videoFeed.vcxproj", "{A4F2BA77-C1DB-42A4-8759-6953EC90787D}"
	ProjectSection(ProjectDependencies) = postProject
		{3A36CF75-0DE0-41F6-AC24-DC84B04EB935} = {3A36CF75-0DE0-41F6-AC24-DC84B04EB935}
		{BC1FEF16-037A-4C74-93F4-1349DF66CB3D} = {BC1FEF16-037A-4C74-93F4-1349DF66CB3D}
	EndProjectSection
EndProject
Project("{8BC9CEB8-8B4A-11D0-8D11-00A0C91BC942}") = "CameraInteraction", "CameraInteraction\CameraInteraction.vcxproj", "{BC1FEF16-037A-4C74-93F4-1349DF66CB3D}"
EndProject
Project("{8BC9CEB8-8B4A-11D0-8D11-00A0C91BC942}") = "ObjectDetection", "ObjectDetection\ObjectDetection.vcxproj", "{3A36CF75-0DE0-41F6-AC24-DC84B04EB935}"
EndProject
Global
	GlobalSection(SolutionConfigurationPlatforms) = preSolution
		Debug|x64 = Debug|x64
		Debug|x86 = Debug|x86
		Release|x64 = Release|x64
		Release|x86 = Release|x86
	EndGlobalSection
	GlobalSection(ProjectConfigurationPlatforms) = postSolution
		{A4F2BA77-C1DB-42A4-8759-6953EC90787D}.Debug|x64.ActiveCfg = Debug|x64
		{A4F2BA77-C1DB-42A4-8759-6953EC90787D}.Debug|x64.Build.0 = Debug|x64
		{A4F2BA77-C1DB-42A4-8759-6953EC90787D}.Debug|x86.ActiveCfg = Debug|Win32
		{A4F2BA77-C1DB-42A4-8759-6953EC90787D}.Debug|x86.Build.0 = Debug|Win32
		{A4F2BA77-C1DB-42A4-8759-6953EC90787D}.Release|x64.ActiveCfg = Release|x64
		{A4F2BA77-C1DB-42A4-8759-6953EC90787D}.Release|x64.Build.0 = Release|x64
		{A4F2BA77-C1DB-42A4-8759-6953EC90787D}.Release|x86.ActiveCfg = Release|Win32
		{A4F2BA77-C1DB-42A4-8759-6953EC90787D}.Release|x86.Build.0 = Release|Win32
		{BC1FEF16-037A-4C74-93F4-1349DF66CB3D}.Debug|x64.ActiveCfg = Debug|x64
		{BC1FEF16-037A-4C74-93F4-1349DF66CB3D}.Debug|x64.Build.0 = Debug|x64
		{BC1FEF16-037A-4C74-93F4-1349DF66CB3D}.Debug|x86.ActiveCfg = Debug|Win32
		{BC1FEF16-037A-4C74-93F4-1349DF66CB3D}.Debug|x86.Build.0 = Debug|Win32
		{BC1FEF16-037A-4C74-93F4-1349DF66CB3D}.Release|x64.ActiveCfg = Release|x64
		{BC1FEF16-037A-4C74-93F4-1349DF66CB3D}.Release|x64.Build.0 = Release|x64
		{BC1FEF16-037A-4C74-93F4-1349DF66CB3D}.Release|x86.ActiveCfg = Release|Win32
		{BC1FEF16-037A-4C74-93F4-1349DF66CB3D}.Release|x86.Build.0 = Release|Win32
		{3A36CF75-0DE0-41F6-AC24-DC84B04EB935}.Debug|x64.ActiveCfg = Debug|x64
		{3A36CF75-0DE0-41F6-AC24-DC84B04EB935}.Debug|x64.Build.0 = Debug|x64
		{3A36CF75-0DE0-41F6-AC24-DC84B04EB935}.Debug|x86.ActiveCfg = Debug|Win32
		{3A36CF75-0DE0-41F6-AC24-DC84B04EB935}.Debug|x86.Build.0 = Debug|Win32
		{3A36CF75-0DE0-41F6-AC24-DC84B04EB935}.Release|x64.ActiveCfg = Release|x64
		{3A36CF75-0DE0-41F6-AC24-DC84B04EB935}.Release|x64.Build.0 = Release|x64
		{3A36CF75-0DE0-41F6-AC24-DC84B04EB935}.Release|x86.ActiveCfg = Release|Win32
		{3A36CF75-0DE0-41F6-AC24-DC84B04EB935}.Release|x86.Build.0 = Release|Win32
	EndGlobalSection
	GlobalSection(SolutionProperties) = preSolution
		HideSolutionNode = FALSE
	EndGlobalSection
	GlobalSection(ExtensibilityGlobals) = postSolution
		SolutionGuid = {777AB014-6E64-444C-AD76-2C0BAAA87EDA}
	EndGlobalSection
EndGlobal
